
Microsoft Visual Studio Solution File, Format Version 12.00
# Visual Studio Version 17
VisualStudioVersion = 17.9.34607.119
MinimumVisualStudioVersion = 10.0.40219.1
Project("{2150E333-8FDC-42A3-9474-1A3956D46DE8}") = "src", "src", "{DAA6127D-A6CD-4A10-93B7-10F11ED56306}"
EndProject
Project("{2150E333-8FDC-42A3-9474-1A3956D46DE8}") = "tests", "tests", "{4B7943BA-0001-4EEE-A7A4-E8C2F8634871}"
EndProject
Project("{9A19103F-16F7-4668-BE54-9A1E7A4F7556}") = "NotesService.Tests", "tests\NotesService.Tests.csproj", "{415E10F7-393E-4EFB-A90E-BBD3D8A798E2}"
EndProject
Project("{9A19103F-16F7-4668-BE54-9A1E7A4F7556}") = "NotesService.API", "src\NotesService.API.csproj", "{7D0583F1-87DA-4298-A42A-019EC2F910B2}"
EndProject
Global
	GlobalSection(SolutionConfigurationPlatforms) = preSolution
		Debug|Any CPU = Debug|Any CPU
		Release|Any CPU = Release|Any CPU
	EndGlobalSection
	GlobalSection(ProjectConfigurationPlatforms) = postSolution
		{415E10F7-393E-4EFB-A90E-BBD3D8A798E2}.Debug|Any CPU.ActiveCfg = Debug|Any CPU
		{415E10F7-393E-4EFB-A90E-BBD3D8A798E2}.Debug|Any CPU.Build.0 = Debug|Any CPU
		{415E10F7-393E-4EFB-A90E-BBD3D8A798E2}.Release|Any CPU.ActiveCfg = Release|Any CPU
		{415E10F7-393E-4EFB-A90E-BBD3D8A798E2}.Release|Any CPU.Build.0 = Release|Any CPU
		{7D0583F1-87DA-4298-A42A-019EC2F910B2}.Debug|Any CPU.ActiveCfg = Debug|Any CPU
		{7D0583F1-87DA-4298-A42A-019EC2F910B2}.Debug|Any CPU.Build.0 = Debug|Any CPU
		{7D0583F1-87DA-4298-A42A-019EC2F910B2}.Release|Any CPU.ActiveCfg = Release|Any CPU
		{7D0583F1-87DA-4298-A42A-019EC2F910B2}.Release|Any CPU.Build.0 = Release|Any CPU
	EndGlobalSection
	GlobalSection(SolutionProperties) = preSolution
		HideSolutionNode = FALSE
	EndGlobalSection
	GlobalSection(NestedProjects) = preSolution
		{415E10F7-393E-4EFB-A90E-BBD3D8A798E2} = {4B7943BA-0001-4EEE-A7A4-E8C2F8634871}
		{7D0583F1-87DA-4298-A42A-019EC2F910B2} = {DAA6127D-A6CD-4A10-93B7-10F11ED56306}
	EndGlobalSection
	GlobalSection(ExtensibilityGlobals) = postSolution
		SolutionGuid = {33BC309A-AEF2-4282-8101-399DE090BBD5}
	EndGlobalSection
EndGlobal
