
Microsoft Visual Studio Solution File, Format Version 12.00
# Visual Studio Version 17
VisualStudioVersion = 17.9.34607.119
MinimumVisualStudioVersion = 10.0.40219.1
Project("{2150E333-8FDC-42A3-9474-1A3956D46DE8}") = "src", "src", "{DAA6127D-A6CD-4A10-93B7-10F11ED56306}"
EndProject
Project("{2150E333-8FDC-42A3-9474-1A3956D46DE8}") = "tests", "tests", "{4B7943BA-0001-4EEE-A7A4-E8C2F8634871}"
EndProject
Project("{2150E333-8FDC-42A3-9474-1A3956D46DE8}") = "Solution Items", "Solution Items", "{64F47C63-66E4-4735-A22E-6C4D7EA230DA}"
	ProjectSection(SolutionItems) = preProject
		.editorconfig = .editorconfig
		Directory.Build.props = Directory.Build.props
	EndProjectSection
EndProject
Project("{9A19103F-16F7-4668-BE54-9A1E7A4F7556}") = "NotesService.API", "src\NotesService.API\NotesService.API.csproj", "{43D29C27-1279-4856-BF51-03CF924DE82F}"
EndProject
Project("{9A19103F-16F7-4668-BE54-9A1E7A4F7556}") = "NotesService.API.Abstractions", "src\NotesService.API.Abstractions\NotesService.API.Abstractions.csproj", "{7F550018-9C43-4F7E-BE3F-C44908255017}"
EndProject
Project("{9A19103F-16F7-4668-BE54-9A1E7A4F7556}") = "NotesService.API.DataAccess", "src\NotesService.API.DataAccess\NotesService.API.DataAccess.csproj", "{4F2DF21C-145C-4924-90E0-9BEDF73F5567}"
EndProject
Project("{9A19103F-16F7-4668-BE54-9A1E7A4F7556}") = "NotesService.API.Tests", "tests\NotesService.API.Tests\NotesService.API.Tests.csproj", "{3E0B6FAA-25FA-467D-9761-E6B156A1BDE3}"
EndProject
Project("{9A19103F-16F7-4668-BE54-9A1E7A4F7556}") = "NotesService.API.IntegrationTests", "tests\NotesService.API.IntegrationTests\NotesService.API.IntegrationTests.csproj", "{84F496A2-3D49-4A98-B86A-11C8BD484200}"
EndProject
Global
	GlobalSection(SolutionConfigurationPlatforms) = preSolution
		Debug|Any CPU = Debug|Any CPU
		Release|Any CPU = Release|Any CPU
	EndGlobalSection
	GlobalSection(ProjectConfigurationPlatforms) = postSolution
		{43D29C27-1279-4856-BF51-03CF924DE82F}.Debug|Any CPU.ActiveCfg = Debug|Any CPU
		{43D29C27-1279-4856-BF51-03CF924DE82F}.Debug|Any CPU.Build.0 = Debug|Any CPU
		{43D29C27-1279-4856-BF51-03CF924DE82F}.Release|Any CPU.ActiveCfg = Release|Any CPU
		{43D29C27-1279-4856-BF51-03CF924DE82F}.Release|Any CPU.Build.0 = Release|Any CPU
		{7F550018-9C43-4F7E-BE3F-C44908255017}.Debug|Any CPU.ActiveCfg = Debug|Any CPU
		{7F550018-9C43-4F7E-BE3F-C44908255017}.Debug|Any CPU.Build.0 = Debug|Any CPU
		{7F550018-9C43-4F7E-BE3F-C44908255017}.Release|Any CPU.ActiveCfg = Release|Any CPU
		{7F550018-9C43-4F7E-BE3F-C44908255017}.Release|Any CPU.Build.0 = Release|Any CPU
		{4F2DF21C-145C-4924-90E0-9BEDF73F5567}.Debug|Any CPU.ActiveCfg = Debug|Any CPU
		{4F2DF21C-145C-4924-90E0-9BEDF73F5567}.Debug|Any CPU.Build.0 = Debug|Any CPU
		{4F2DF21C-145C-4924-90E0-9BEDF73F5567}.Release|Any CPU.ActiveCfg = Release|Any CPU
		{4F2DF21C-145C-4924-90E0-9BEDF73F5567}.Release|Any CPU.Build.0 = Release|Any CPU
		{3E0B6FAA-25FA-467D-9761-E6B156A1BDE3}.Debug|Any CPU.ActiveCfg = Debug|Any CPU
		{3E0B6FAA-25FA-467D-9761-E6B156A1BDE3}.Debug|Any CPU.Build.0 = Debug|Any CPU
		{3E0B6FAA-25FA-467D-9761-E6B156A1BDE3}.Release|Any CPU.ActiveCfg = Release|Any CPU
		{3E0B6FAA-25FA-467D-9761-E6B156A1BDE3}.Release|Any CPU.Build.0 = Release|Any CPU
		{84F496A2-3D49-4A98-B86A-11C8BD484200}.Debug|Any CPU.ActiveCfg = Debug|Any CPU
		{84F496A2-3D49-4A98-B86A-11C8BD484200}.Debug|Any CPU.Build.0 = Debug|Any CPU
		{84F496A2-3D49-4A98-B86A-11C8BD484200}.Release|Any CPU.ActiveCfg = Release|Any CPU
		{84F496A2-3D49-4A98-B86A-11C8BD484200}.Release|Any CPU.Build.0 = Release|Any CPU
	EndGlobalSection
	GlobalSection(SolutionProperties) = preSolution
		HideSolutionNode = FALSE
	EndGlobalSection
	GlobalSection(NestedProjects) = preSolution
		{43D29C27-1279-4856-BF51-03CF924DE82F} = {DAA6127D-A6CD-4A10-93B7-10F11ED56306}
		{7F550018-9C43-4F7E-BE3F-C44908255017} = {DAA6127D-A6CD-4A10-93B7-10F11ED56306}
		{4F2DF21C-145C-4924-90E0-9BEDF73F5567} = {DAA6127D-A6CD-4A10-93B7-10F11ED56306}
		{3E0B6FAA-25FA-467D-9761-E6B156A1BDE3} = {4B7943BA-0001-4EEE-A7A4-E8C2F8634871}
		{84F496A2-3D49-4A98-B86A-11C8BD484200} = {4B7943BA-0001-4EEE-A7A4-E8C2F8634871}
	EndGlobalSection
	GlobalSection(ExtensibilityGlobals) = postSolution
		SolutionGuid = {33BC309A-AEF2-4282-8101-399DE090BBD5}
	EndGlobalSection
EndGlobal
